<?xml version="1.0" encoding="utf-8"?>
<Project ToolsVersion="4.0" xmlns="http://schemas.microsoft.com/developer/msbuild/2003">
  <ItemGroup>
    <Filter Include="core">
      <UniqueIdentifier>{A74AD8DF-ACD4-F985-EB39-77517615CE25}</UniqueIdentifier>
    </Filter>
  </ItemGroup>
  <ItemGroup>
    <ClCompile Include="Ext\libqxt\src\core\qxtjson.cpp">
      <Filter>core</Filter>
    </ClCompile>
    <ClInclude Include="Ext\libqxt\src\core\qxtjson.h">
      <Filter>core</Filter>
    </ClInclude>
  </ItemGroup>
</Project>