
Microsoft Visual Studio Solution File, Format Version 12.00
# Visual Studio 2013
Project("{8BC9CEB8-8B4A-11D0-8D11-00A0C91BC942}") = "MeGustaCoin", "MeGustaCoin.vcxproj", "{B80B3174-3C41-32BE-6E32-083156748394}"
EndProject
Project("{8BC9CEB8-8B4A-11D0-8D11-00A0C91BC942}") = "bootstrap", "bootstrap.vcxproj", "{F8338D72-3EC6-4BED-9503-8B2FC0D3FB41}"
EndProject
Project("{8BC9CEB8-8B4A-11D0-8D11-00A0C91BC942}") = "moc", "moc.vcxproj", "{161E132D-F6A4-5BA1-16E0-D2E4C97E89B4}"
EndProject
Project("{8BC9CEB8-8B4A-11D0-8D11-00A0C91BC942}") = "rcc", "rcc.vcxproj", "{40449A6F-6DBC-99B8-3EEF-6EA900D10B11}"
EndProject
Project("{8BC9CEB8-8B4A-11D0-8D11-00A0C91BC942}") = "uic", "uic.vcxproj", "{B79DFD1E-23C3-D1B6-C9A1-7C48E20B7322}"
EndProject
Project("{8BC9CEB8-8B4A-11D0-8D11-00A0C91BC942}") = "winmain", "winmain.vcxproj", "{4244D93A-750B-8A82-629E-2D4182EEF33E}"
EndProject
Project("{8BC9CEB8-8B4A-11D0-8D11-00A0C91BC942}") = "QtCore4", "QtCore4.vcxproj", "{80C06182-7A3A-9151-C0AC-11FF3C01C6CC}"
EndProject
Project("{8BC9CEB8-8B4A-11D0-8D11-00A0C91BC942}") = "QtGui4", "QtGui4.vcxproj", "{6B940812-0EB8-2333-373B-CE55ABCDA4B5}"
EndProject
Project("{8BC9CEB8-8B4A-11D0-8D11-00A0C91BC942}") = "libqxt", "libqxt.vcxproj", "{C7C37A1E-0554-5616-AB28-3E5DA67BE570}"
EndProject
Project("{8BC9CEB8-8B4A-11D0-8D11-00A0C91BC942}") = "libcurl", "libcurl.vcxproj", "{52083E93-A983-4E94-88B2-7A56C0E8AFDE}"
EndProject
Project("{8BC9CEB8-8B4A-11D0-8D11-00A0C91BC942}") = "easywsclient", "easywsclient.vcxproj", "{B7F740D6-2B25-1C5A-85F1-6F2347D11475}"
EndProject
Project("{2150E333-8FDC-42A3-9474-1A3956D46DE8}") = "Libs", "Libs", "{D12171A9-6008-3473-984B-35B1CA3E5D94}"
EndProject
Project("{2150E333-8FDC-42A3-9474-1A3956D46DE8}") = "Qt", "Qt", "{458BCEB5-ECFC-755B-CCDA-C056EE3ECF88}"
EndProject
Project("{2150E333-8FDC-42A3-9474-1A3956D46DE8}") = "Tools", "Tools", "{E9FCCCAA-7E4C-E790-AD71-29722F904498}"
EndProject
Global
	GlobalSection(SolutionConfigurationPlatforms) = preSolution
		Debug|Win32 = Debug|Win32
		Release|Win32 = Release|Win32
	EndGlobalSection
	GlobalSection(ProjectConfigurationPlatforms) = postSolution
		{B80B3174-3C41-32BE-6E32-083156748394}.Debug|Win32.ActiveCfg = Debug|Win32
		{B80B3174-3C41-32BE-6E32-083156748394}.Debug|Win32.Build.0 = Debug|Win32
		{B80B3174-3C41-32BE-6E32-083156748394}.Release|Win32.ActiveCfg = Release|Win32
		{B80B3174-3C41-32BE-6E32-083156748394}.Release|Win32.Build.0 = Release|Win32
		{F8338D72-3EC6-4BED-9503-8B2FC0D3FB41}.Debug|Win32.ActiveCfg = Debug|Win32
		{F8338D72-3EC6-4BED-9503-8B2FC0D3FB41}.Debug|Win32.Build.0 = Debug|Win32
		{F8338D72-3EC6-4BED-9503-8B2FC0D3FB41}.Release|Win32.ActiveCfg = Release|Win32
		{F8338D72-3EC6-4BED-9503-8B2FC0D3FB41}.Release|Win32.Build.0 = Release|Win32
		{161E132D-F6A4-5BA1-16E0-D2E4C97E89B4}.Debug|Win32.ActiveCfg = Debug|Win32
		{161E132D-F6A4-5BA1-16E0-D2E4C97E89B4}.Debug|Win32.Build.0 = Debug|Win32
		{161E132D-F6A4-5BA1-16E0-D2E4C97E89B4}.Release|Win32.ActiveCfg = Release|Win32
		{161E132D-F6A4-5BA1-16E0-D2E4C97E89B4}.Release|Win32.Build.0 = Release|Win32
		{40449A6F-6DBC-99B8-3EEF-6EA900D10B11}.Debug|Win32.ActiveCfg = Debug|Win32
		{40449A6F-6DBC-99B8-3EEF-6EA900D10B11}.Debug|Win32.Build.0 = Debug|Win32
		{40449A6F-6DBC-99B8-3EEF-6EA900D10B11}.Release|Win32.ActiveCfg = Release|Win32
		{40449A6F-6DBC-99B8-3EEF-6EA900D10B11}.Release|Win32.Build.0 = Release|Win32
		{B79DFD1E-23C3-D1B6-C9A1-7C48E20B7322}.Debug|Win32.ActiveCfg = Debug|Win32
		{B79DFD1E-23C3-D1B6-C9A1-7C48E20B7322}.Debug|Win32.Build.0 = Debug|Win32
		{B79DFD1E-23C3-D1B6-C9A1-7C48E20B7322}.Release|Win32.ActiveCfg = Release|Win32
		{B79DFD1E-23C3-D1B6-C9A1-7C48E20B7322}.Release|Win32.Build.0 = Release|Win32
		{4244D93A-750B-8A82-629E-2D4182EEF33E}.Debug|Win32.ActiveCfg = Debug|Win32
		{4244D93A-750B-8A82-629E-2D4182EEF33E}.Debug|Win32.Build.0 = Debug|Win32
		{4244D93A-750B-8A82-629E-2D4182EEF33E}.Release|Win32.ActiveCfg = Release|Win32
		{4244D93A-750B-8A82-629E-2D4182EEF33E}.Release|Win32.Build.0 = Release|Win32
		{80C06182-7A3A-9151-C0AC-11FF3C01C6CC}.Debug|Win32.ActiveCfg = Debug|Win32
		{80C06182-7A3A-9151-C0AC-11FF3C01C6CC}.Debug|Win32.Build.0 = Debug|Win32
		{80C06182-7A3A-9151-C0AC-11FF3C01C6CC}.Release|Win32.ActiveCfg = Release|Win32
		{80C06182-7A3A-9151-C0AC-11FF3C01C6CC}.Release|Win32.Build.0 = Release|Win32
		{6B940812-0EB8-2333-373B-CE55ABCDA4B5}.Debug|Win32.ActiveCfg = Debug|Win32
		{6B940812-0EB8-2333-373B-CE55ABCDA4B5}.Debug|Win32.Build.0 = Debug|Win32
		{6B940812-0EB8-2333-373B-CE55ABCDA4B5}.Release|Win32.ActiveCfg = Release|Win32
		{6B940812-0EB8-2333-373B-CE55ABCDA4B5}.Release|Win32.Build.0 = Release|Win32
		{C7C37A1E-0554-5616-AB28-3E5DA67BE570}.Debug|Win32.ActiveCfg = Debug|Win32
		{C7C37A1E-0554-5616-AB28-3E5DA67BE570}.Debug|Win32.Build.0 = Debug|Win32
		{C7C37A1E-0554-5616-AB28-3E5DA67BE570}.Release|Win32.ActiveCfg = Release|Win32
		{C7C37A1E-0554-5616-AB28-3E5DA67BE570}.Release|Win32.Build.0 = Release|Win32
		{52083E93-A983-4E94-88B2-7A56C0E8AFDE}.Debug|Win32.ActiveCfg = Debug|Win32
		{52083E93-A983-4E94-88B2-7A56C0E8AFDE}.Debug|Win32.Build.0 = Debug|Win32
		{52083E93-A983-4E94-88B2-7A56C0E8AFDE}.Release|Win32.ActiveCfg = Release|Win32
		{52083E93-A983-4E94-88B2-7A56C0E8AFDE}.Release|Win32.Build.0 = Release|Win32
		{B7F740D6-2B25-1C5A-85F1-6F2347D11475}.Debug|Win32.ActiveCfg = Debug|Win32
		{B7F740D6-2B25-1C5A-85F1-6F2347D11475}.Debug|Win32.Build.0 = Debug|Win32
		{B7F740D6-2B25-1C5A-85F1-6F2347D11475}.Release|Win32.ActiveCfg = Release|Win32
		{B7F740D6-2B25-1C5A-85F1-6F2347D11475}.Release|Win32.Build.0 = Release|Win32
	EndGlobalSection
	GlobalSection(SolutionProperties) = preSolution
		HideSolutionNode = FALSE
	EndGlobalSection
	GlobalSection(NestedProjects) = preSolution
		{C7C37A1E-0554-5616-AB28-3E5DA67BE570} = {D12171A9-6008-3473-984B-35B1CA3E5D94}
		{52083E93-A983-4E94-88B2-7A56C0E8AFDE} = {D12171A9-6008-3473-984B-35B1CA3E5D94}
		{B7F740D6-2B25-1C5A-85F1-6F2347D11475} = {D12171A9-6008-3473-984B-35B1CA3E5D94}
		{458BCEB5-ECFC-755B-CCDA-C056EE3ECF88} = {D12171A9-6008-3473-984B-35B1CA3E5D94}
		{458BCEB5-ECFC-755B-CCDA-C056EE3ECF88} = {D12171A9-6008-3473-984B-35B1CA3E5D94}
		{458BCEB5-ECFC-755B-CCDA-C056EE3ECF88} = {D12171A9-6008-3473-984B-35B1CA3E5D94}
		{458BCEB5-ECFC-755B-CCDA-C056EE3ECF88} = {D12171A9-6008-3473-984B-35B1CA3E5D94}
		{458BCEB5-ECFC-755B-CCDA-C056EE3ECF88} = {D12171A9-6008-3473-984B-35B1CA3E5D94}
		{458BCEB5-ECFC-755B-CCDA-C056EE3ECF88} = {D12171A9-6008-3473-984B-35B1CA3E5D94}
		{458BCEB5-ECFC-755B-CCDA-C056EE3ECF88} = {D12171A9-6008-3473-984B-35B1CA3E5D94}
		{4244D93A-750B-8A82-629E-2D4182EEF33E} = {458BCEB5-ECFC-755B-CCDA-C056EE3ECF88}
		{80C06182-7A3A-9151-C0AC-11FF3C01C6CC} = {458BCEB5-ECFC-755B-CCDA-C056EE3ECF88}
		{6B940812-0EB8-2333-373B-CE55ABCDA4B5} = {458BCEB5-ECFC-755B-CCDA-C056EE3ECF88}
		{E9FCCCAA-7E4C-E790-AD71-29722F904498} = {458BCEB5-ECFC-755B-CCDA-C056EE3ECF88}
		{E9FCCCAA-7E4C-E790-AD71-29722F904498} = {458BCEB5-ECFC-755B-CCDA-C056EE3ECF88}
		{E9FCCCAA-7E4C-E790-AD71-29722F904498} = {458BCEB5-ECFC-755B-CCDA-C056EE3ECF88}
		{E9FCCCAA-7E4C-E790-AD71-29722F904498} = {458BCEB5-ECFC-755B-CCDA-C056EE3ECF88}
		{F8338D72-3EC6-4BED-9503-8B2FC0D3FB41} = {E9FCCCAA-7E4C-E790-AD71-29722F904498}
		{161E132D-F6A4-5BA1-16E0-D2E4C97E89B4} = {E9FCCCAA-7E4C-E790-AD71-29722F904498}
		{40449A6F-6DBC-99B8-3EEF-6EA900D10B11} = {E9FCCCAA-7E4C-E790-AD71-29722F904498}
		{B79DFD1E-23C3-D1B6-C9A1-7C48E20B7322} = {E9FCCCAA-7E4C-E790-AD71-29722F904498}
	EndGlobalSection
EndGlobal
