<?xml version="1.0" encoding="utf-8"?>
<Project ToolsVersion="4.0" xmlns="http://schemas.microsoft.com/developer/msbuild/2003">
  <ItemGroup>
    <Filter Include="Markets">
      <UniqueIdentifier>{52C37B61-2A40-8D42-0A70-BF7858AF6636}</UniqueIdentifier>
    </Filter>
    <Filter Include="Models">
      <UniqueIdentifier>{25AC429F-9072-293D-27A8-36EE2A148F47}</UniqueIdentifier>
    </Filter>
    <Filter Include="Tools">
      <UniqueIdentifier>{8625E1DE-7BE1-4C39-B1D1-4DC03D822497}</UniqueIdentifier>
    </Filter>
    <Filter Include="Widgets">
      <UniqueIdentifier>{FA07652C-B6A5-517C-5DFF-B407C8ECA014}</UniqueIdentifier>
    </Filter>
    <Filter Include=".copy">
      <UniqueIdentifier>{AD269A76-186A-33DE-C895-9E96D65A2CF7}</UniqueIdentifier>
    </Filter>
    <Filter Include=".Qt">
      <UniqueIdentifier>{26983797-AD25-9CBF-C563-C317038CED7C}</UniqueIdentifier>
    </Filter>
    <Filter Include="Icons">
      <UniqueIdentifier>{8F679730-0715-8337-3465-84551B093BE8}</UniqueIdentifier>
    </Filter>
  </ItemGroup>
  <ItemGroup>
    <ClCompile Include="Src\LoginDialog.cpp" />
    <ClCompile Include="Src\Main.cpp" />
    <ClCompile Include="Src\MainWindow.cpp" />
    <ClCompile Include="Src\stdafx.cpp" />
    <ClCompile Include="Src\Markets\BitstampMarket.cpp">
      <Filter>Markets</Filter>
    </ClCompile>
    <ClCompile Include="Src\Markets\DataConnection.cpp">
      <Filter>Markets</Filter>
    </ClCompile>
    <ClCompile Include="Src\Markets\DataService.cpp">
      <Filter>Markets</Filter>
    </ClCompile>
    <ClCompile Include="Src\Markets\MarketService.cpp">
      <Filter>Markets</Filter>
    </ClCompile>
    <ClCompile Include="Src\Models\BookModel.cpp">
      <Filter>Models</Filter>
    </ClCompile>
    <ClCompile Include="Src\Models\DataModel.cpp">
      <Filter>Models</Filter>
    </ClCompile>
    <ClCompile Include="Src\Models\GraphModel.cpp">
      <Filter>Models</Filter>
    </ClCompile>
    <ClCompile Include="Src\Models\LogModel.cpp">
      <Filter>Models</Filter>
    </ClCompile>
    <ClCompile Include="Src\Models\OrderModel.cpp">
      <Filter>Models</Filter>
    </ClCompile>
    <ClCompile Include="Src\Models\PublicDataModel.cpp">
      <Filter>Models</Filter>
    </ClCompile>
    <ClCompile Include="Src\Models\TradeModel.cpp">
      <Filter>Models</Filter>
    </ClCompile>
    <ClCompile Include="Src\Models\TransactionModel.cpp">
      <Filter>Models</Filter>
    </ClCompile>
    <ClCompile Include="Src\Tools\HttpRequest.cpp">
      <Filter>Tools</Filter>
    </ClCompile>
    <ClCompile Include="Src\Tools\Json.cpp">
      <Filter>Tools</Filter>
    </ClCompile>
    <ClCompile Include="Src\Tools\Sha256.cpp">
      <Filter>Tools</Filter>
    </ClCompile>
    <ClCompile Include="Src\Tools\SocketConnection.cpp">
      <Filter>Tools</Filter>
    </ClCompile>
    <ClCompile Include="Src\Widgets\BookWidget.cpp">
      <Filter>Widgets</Filter>
    </ClCompile>
    <ClCompile Include="Src\Widgets\GraphView.cpp">
      <Filter>Widgets</Filter>
    </ClCompile>
    <ClCompile Include="Src\Widgets\GraphWidget.cpp">
      <Filter>Widgets</Filter>
    </ClCompile>
    <ClCompile Include="Src\Widgets\LogWidget.cpp">
      <Filter>Widgets</Filter>
    </ClCompile>
    <ClCompile Include="Src\Widgets\OrdersWidget.cpp">
      <Filter>Widgets</Filter>
    </ClCompile>
    <ClCompile Include="Src\Widgets\TradesWidget.cpp">
      <Filter>Widgets</Filter>
    </ClCompile>
    <ClCompile Include="Src\Widgets\TransactionsWidget.cpp">
      <Filter>Widgets</Filter>
    </ClCompile>
    <CustomBuild Include="Src\LoginDialog.h" />
    <CustomBuild Include="Src\MainWindow.h" />
    <ClInclude Include="Src\stdafx.h" />
    <ClInclude Include="Src\Markets\BitstampMarket.h">
      <Filter>Markets</Filter>
    </ClInclude>
    <ClInclude Include="Src\Markets\DataConnection.h">
      <Filter>Markets</Filter>
    </ClInclude>
    <ClInclude Include="Src\Markets\DataProtocol.h">
      <Filter>Markets</Filter>
    </ClInclude>
    <CustomBuild Include="Src\Markets\DataService.h">
      <Filter>Markets</Filter>
    </CustomBuild>
    <ClInclude Include="Src\Markets\Market.h">
      <Filter>Markets</Filter>
    </ClInclude>
    <CustomBuild Include="Src\Markets\MarketService.h">
      <Filter>Markets</Filter>
    </CustomBuild>
    <ClInclude Include="Src\Models\BookModel.h">
      <Filter>Models</Filter>
    </ClInclude>
    <CustomBuild Include="Src\Models\DataModel.h">
      <Filter>Models</Filter>
    </CustomBuild>
    <CustomBuild Include="Src\Models\GraphModel.h">
      <Filter>Models</Filter>
    </CustomBuild>
    <ClInclude Include="Src\Models\LogModel.h">
      <Filter>Models</Filter>
    </ClInclude>
    <CustomBuild Include="Src\Models\OrderModel.h">
      <Filter>Models</Filter>
    </CustomBuild>
    <CustomBuild Include="Src\Models\PublicDataModel.h">
      <Filter>Models</Filter>
    </CustomBuild>
    <CustomBuild Include="Src\Models\TradeModel.h">
      <Filter>Models</Filter>
    </CustomBuild>
    <CustomBuild Include="Src\Models\TransactionModel.h">
      <Filter>Models</Filter>
    </CustomBuild>
    <ClInclude Include="Src\Tools\HttpRequest.h">
      <Filter>Tools</Filter>
    </ClInclude>
    <ClInclude Include="Src\Tools\JobQueue.h">
      <Filter>Tools</Filter>
    </ClInclude>
    <ClInclude Include="Src\Tools\Json.h">
      <Filter>Tools</Filter>
    </ClInclude>
    <ClInclude Include="Src\Tools\Sha256.h">
      <Filter>Tools</Filter>
    </ClInclude>
    <ClInclude Include="Src\Tools\SocketConnection.h">
      <Filter>Tools</Filter>
    </ClInclude>
    <ClInclude Include="Src\Widgets\BookWidget.h">
      <Filter>Widgets</Filter>
    </ClInclude>
    <ClInclude Include="Src\Widgets\GraphView.h">
      <Filter>Widgets</Filter>
    </ClInclude>
    <CustomBuild Include="Src\Widgets\GraphWidget.h">
      <Filter>Widgets</Filter>
    </CustomBuild>
    <CustomBuild Include="Src\Widgets\LogWidget.h">
      <Filter>Widgets</Filter>
    </CustomBuild>
    <CustomBuild Include="Src\Widgets\OrdersWidget.h">
      <Filter>Widgets</Filter>
    </CustomBuild>
    <CustomBuild Include="Src\Widgets\TradesWidget.h">
      <Filter>Widgets</Filter>
    </CustomBuild>
    <CustomBuild Include="Src\Widgets\TransactionsWidget.h">
      <Filter>Widgets</Filter>
    </CustomBuild>
    <CustomBuild Include="Build\Debug\QtCore4\QtCore4.dll">
      <Filter>.copy</Filter>
    </CustomBuild>
    <CustomBuild Include="Build\Debug\QtGui4\QtGui4.dll">
      <Filter>.copy</Filter>
    </CustomBuild>
    <CustomBuild Include="Src\MeGustaCoin.qrc" />
    <ClCompile Include="Build\Debug\qrc_MeGustaCoin.cpp">
      <Filter>.Qt</Filter>
    </ClCompile>
    <None Include="Src\Icons\arrow_diag.png">
      <Filter>Icons</Filter>
    </None>
    <None Include="Src\Icons\arrow_diag_red.png">
      <Filter>Icons</Filter>
    </None>
    <None Include="Src\Icons\arrow_refresh.png">
      <Filter>Icons</Filter>
    </None>
    <None Include="Src\Icons\bitcoin.png">
      <Filter>Icons</Filter>
    </None>
    <None Include="Src\Icons\bitcoin_add.png">
      <Filter>Icons</Filter>
    </None>
    <None Include="Src\Icons\bitcoin_big.png">
      <Filter>Icons</Filter>
    </None>
    <None Include="Src\Icons\bullet_go.png">
      <Filter>Icons</Filter>
    </None>
    <None Include="Src\Icons\bullet_grey.png">
      <Filter>Icons</Filter>
    </None>
    <None Include="Src\Icons\cancel.png">
      <Filter>Icons</Filter>
    </None>
    <None Include="Src\Icons\cancel2.png">
      <Filter>Icons</Filter>
    </None>
    <None Include="Src\Icons\chart_curve.png">
      <Filter>Icons</Filter>
    </None>
    <None Include="Src\Icons\error.png">
      <Filter>Icons</Filter>
    </None>
    <None Include="Src\Icons\information.png">
      <Filter>Icons</Filter>
    </None>
    <None Include="Src\Icons\money.png">
      <Filter>Icons</Filter>
    </None>
    <None Include="Src\Icons\money_add.png">
      <Filter>Icons</Filter>
    </None>
    <None Include="Src\Icons\zoom.png">
      <Filter>Icons</Filter>
    </None>
    <ClCompile Include="Build\Debug\moc_OrdersWidget.cpp">
      <Filter>.Qt</Filter>
    </ClCompile>
    <ClCompile Include="Build\Debug\moc_TransactionsWidget.cpp">
      <Filter>.Qt</Filter>
    </ClCompile>
    <ClCompile Include="Build\Debug\moc_TradesWidget.cpp">
      <Filter>.Qt</Filter>
    </ClCompile>
    <ClCompile Include="Build\Debug\moc_LogWidget.cpp">
      <Filter>.Qt</Filter>
    </ClCompile>
    <ClCompile Include="Build\Debug\moc_GraphWidget.cpp">
      <Filter>.Qt</Filter>
    </ClCompile>
    <ClCompile Include="Build\Debug\moc_DataModel.cpp">
      <Filter>.Qt</Filter>
    </ClCompile>
    <ClCompile Include="Build\Debug\moc_PublicDataModel.cpp">
      <Filter>.Qt</Filter>
    </ClCompile>
    <ClCompile Include="Build\Debug\moc_OrderModel.cpp">
      <Filter>.Qt</Filter>
    </ClCompile>
    <ClCompile Include="Build\Debug\moc_GraphModel.cpp">
      <Filter>.Qt</Filter>
    </ClCompile>
    <ClCompile Include="Build\Debug\moc_TradeModel.cpp">
      <Filter>.Qt</Filter>
    </ClCompile>
    <ClCompile Include="Build\Debug\moc_TransactionModel.cpp">
      <Filter>.Qt</Filter>
    </ClCompile>
    <ClCompile Include="Build\Debug\moc_MarketService.cpp">
      <Filter>.Qt</Filter>
    </ClCompile>
    <ClCompile Include="Build\Debug\moc_DataService.cpp">
      <Filter>.Qt</Filter>
    </ClCompile>
    <ClCompile Include="Build\Debug\moc_MainWindow.cpp">
      <Filter>.Qt</Filter>
    </ClCompile>
    <ClCompile Include="Build\Debug\moc_LoginDialog.cpp">
      <Filter>.Qt</Filter>
    </ClCompile>
    <CustomBuild Include="Build\Release\QtCore4\QtCore4.dll">
      <Filter>.copy</Filter>
    </CustomBuild>
    <CustomBuild Include="Build\Release\QtGui4\QtGui4.dll">
      <Filter>.copy</Filter>
    </CustomBuild>
    <ClCompile Include="Build\Release\qrc_MeGustaCoin.cpp">
      <Filter>.Qt</Filter>
    </ClCompile>
    <ClCompile Include="Build\Release\moc_OrdersWidget.cpp">
      <Filter>.Qt</Filter>
    </ClCompile>
    <ClCompile Include="Build\Release\moc_TransactionsWidget.cpp">
      <Filter>.Qt</Filter>
    </ClCompile>
    <ClCompile Include="Build\Release\moc_TradesWidget.cpp">
      <Filter>.Qt</Filter>
    </ClCompile>
    <ClCompile Include="Build\Release\moc_LogWidget.cpp">
      <Filter>.Qt</Filter>
    </ClCompile>
    <ClCompile Include="Build\Release\moc_GraphWidget.cpp">
      <Filter>.Qt</Filter>
    </ClCompile>
    <ClCompile Include="Build\Release\moc_DataModel.cpp">
      <Filter>.Qt</Filter>
    </ClCompile>
    <ClCompile Include="Build\Release\moc_PublicDataModel.cpp">
      <Filter>.Qt</Filter>
    </ClCompile>
    <ClCompile Include="Build\Release\moc_OrderModel.cpp">
      <Filter>.Qt</Filter>
    </ClCompile>
    <ClCompile Include="Build\Release\moc_GraphModel.cpp">
      <Filter>.Qt</Filter>
    </ClCompile>
    <ClCompile Include="Build\Release\moc_TradeModel.cpp">
      <Filter>.Qt</Filter>
    </ClCompile>
    <ClCompile Include="Build\Release\moc_TransactionModel.cpp">
      <Filter>.Qt</Filter>
    </ClCompile>
    <ClCompile Include="Build\Release\moc_MarketService.cpp">
      <Filter>.Qt</Filter>
    </ClCompile>
    <ClCompile Include="Build\Release\moc_DataService.cpp">
      <Filter>.Qt</Filter>
    </ClCompile>
    <ClCompile Include="Build\Release\moc_MainWindow.cpp">
      <Filter>.Qt</Filter>
    </ClCompile>
    <ClCompile Include="Build\Release\moc_LoginDialog.cpp">
      <Filter>.Qt</Filter>
    </ClCompile>
  </ItemGroup>
</Project>