
Microsoft Visual Studio Solution File, Format Version 12.00
# Visual Studio 2013
Project("{8BC9CEB8-8B4A-11D0-8D11-00A0C91BC942}") = "MeGustaCoin", "MeGustaCoin.vcxproj", "{A7AFB0B9-820A-7E4B-A38E-D1EF84432874}"
EndProject
Project("{8BC9CEB8-8B4A-11D0-8D11-00A0C91BC942}") = "bootstrap", "bootstrap.vcxproj", "{CA4C50B9-05DC-21EA-17A1-0549A6F5944F}"
EndProject
Project("{8BC9CEB8-8B4A-11D0-8D11-00A0C91BC942}") = "moc", "moc.vcxproj", "{1BD86AF0-360B-F008-CAFD-50F83DE3D025}"
EndProject
Project("{8BC9CEB8-8B4A-11D0-8D11-00A0C91BC942}") = "rcc", "rcc.vcxproj", "{A018881F-8FEF-BA70-A163-172087B7F45C}"
EndProject
Project("{8BC9CEB8-8B4A-11D0-8D11-00A0C91BC942}") = "uic", "uic.vcxproj", "{F242C846-ECD2-DD37-3B13-5057DFB8FF81}"
EndProject
Project("{8BC9CEB8-8B4A-11D0-8D11-00A0C91BC942}") = "winmain", "winmain.vcxproj", "{E9AAC21A-DCD7-71EA-D22B-7F0BFBF20368}"
EndProject
Project("{8BC9CEB8-8B4A-11D0-8D11-00A0C91BC942}") = "QtCore4", "QtCore4.vcxproj", "{D8E11940-BD8D-A744-8CAD-48FC4419C083}"
EndProject
Project("{8BC9CEB8-8B4A-11D0-8D11-00A0C91BC942}") = "QtGui4", "QtGui4.vcxproj", "{F43335CA-0A86-882E-7C8E-B9DE8AF9AC02}"
EndProject
Project("{8BC9CEB8-8B4A-11D0-8D11-00A0C91BC942}") = "libqxt", "libqxt.vcxproj", "{3982E32A-12F7-207B-7C0D-48C8BB39B02C}"
EndProject
Project("{8BC9CEB8-8B4A-11D0-8D11-00A0C91BC942}") = "libcurl", "libcurl.vcxproj", "{38CA7032-3C0B-CF7F-6B28-0900D11FB1C2}"
EndProject
Project("{2150E333-8FDC-42A3-9474-1A3956D46DE8}") = "Libs", "Libs", "{D12171A9-6008-3473-984B-35B1CA3E5D94}"
EndProject
Project("{2150E333-8FDC-42A3-9474-1A3956D46DE8}") = "Qt", "Qt", "{458BCEB5-ECFC-755B-CCDA-C056EE3ECF88}"
EndProject
Project("{2150E333-8FDC-42A3-9474-1A3956D46DE8}") = "Tools", "Tools", "{E9FCCCAA-7E4C-E790-AD71-29722F904498}"
EndProject
Global
	GlobalSection(SolutionConfigurationPlatforms) = preSolution
		Debug|Win32 = Debug|Win32
		Release|Win32 = Release|Win32
	EndGlobalSection
	GlobalSection(ProjectConfigurationPlatforms) = postSolution
		{A7AFB0B9-820A-7E4B-A38E-D1EF84432874}.Debug|Win32.ActiveCfg = Debug|Win32
		{A7AFB0B9-820A-7E4B-A38E-D1EF84432874}.Debug|Win32.Build.0 = Debug|Win32
		{A7AFB0B9-820A-7E4B-A38E-D1EF84432874}.Release|Win32.ActiveCfg = Release|Win32
		{A7AFB0B9-820A-7E4B-A38E-D1EF84432874}.Release|Win32.Build.0 = Release|Win32
		{CA4C50B9-05DC-21EA-17A1-0549A6F5944F}.Debug|Win32.ActiveCfg = Debug|Win32
		{CA4C50B9-05DC-21EA-17A1-0549A6F5944F}.Debug|Win32.Build.0 = Debug|Win32
		{CA4C50B9-05DC-21EA-17A1-0549A6F5944F}.Release|Win32.ActiveCfg = Release|Win32
		{CA4C50B9-05DC-21EA-17A1-0549A6F5944F}.Release|Win32.Build.0 = Release|Win32
		{1BD86AF0-360B-F008-CAFD-50F83DE3D025}.Debug|Win32.ActiveCfg = Debug|Win32
		{1BD86AF0-360B-F008-CAFD-50F83DE3D025}.Debug|Win32.Build.0 = Debug|Win32
		{1BD86AF0-360B-F008-CAFD-50F83DE3D025}.Release|Win32.ActiveCfg = Release|Win32
		{1BD86AF0-360B-F008-CAFD-50F83DE3D025}.Release|Win32.Build.0 = Release|Win32
		{A018881F-8FEF-BA70-A163-172087B7F45C}.Debug|Win32.ActiveCfg = Debug|Win32
		{A018881F-8FEF-BA70-A163-172087B7F45C}.Release|Win32.ActiveCfg = Release|Win32
		{F242C846-ECD2-DD37-3B13-5057DFB8FF81}.Debug|Win32.ActiveCfg = Debug|Win32
		{F242C846-ECD2-DD37-3B13-5057DFB8FF81}.Debug|Win32.Build.0 = Debug|Win32
		{F242C846-ECD2-DD37-3B13-5057DFB8FF81}.Release|Win32.ActiveCfg = Release|Win32
		{F242C846-ECD2-DD37-3B13-5057DFB8FF81}.Release|Win32.Build.0 = Release|Win32
		{E9AAC21A-DCD7-71EA-D22B-7F0BFBF20368}.Debug|Win32.ActiveCfg = Debug|Win32
		{E9AAC21A-DCD7-71EA-D22B-7F0BFBF20368}.Debug|Win32.Build.0 = Debug|Win32
		{E9AAC21A-DCD7-71EA-D22B-7F0BFBF20368}.Release|Win32.ActiveCfg = Release|Win32
		{E9AAC21A-DCD7-71EA-D22B-7F0BFBF20368}.Release|Win32.Build.0 = Release|Win32
		{D8E11940-BD8D-A744-8CAD-48FC4419C083}.Debug|Win32.ActiveCfg = Debug|Win32
		{D8E11940-BD8D-A744-8CAD-48FC4419C083}.Debug|Win32.Build.0 = Debug|Win32
		{D8E11940-BD8D-A744-8CAD-48FC4419C083}.Release|Win32.ActiveCfg = Release|Win32
		{D8E11940-BD8D-A744-8CAD-48FC4419C083}.Release|Win32.Build.0 = Release|Win32
		{F43335CA-0A86-882E-7C8E-B9DE8AF9AC02}.Debug|Win32.ActiveCfg = Debug|Win32
		{F43335CA-0A86-882E-7C8E-B9DE8AF9AC02}.Debug|Win32.Build.0 = Debug|Win32
		{F43335CA-0A86-882E-7C8E-B9DE8AF9AC02}.Release|Win32.ActiveCfg = Release|Win32
		{F43335CA-0A86-882E-7C8E-B9DE8AF9AC02}.Release|Win32.Build.0 = Release|Win32
		{3982E32A-12F7-207B-7C0D-48C8BB39B02C}.Debug|Win32.ActiveCfg = Debug|Win32
		{3982E32A-12F7-207B-7C0D-48C8BB39B02C}.Debug|Win32.Build.0 = Debug|Win32
		{3982E32A-12F7-207B-7C0D-48C8BB39B02C}.Release|Win32.ActiveCfg = Release|Win32
		{3982E32A-12F7-207B-7C0D-48C8BB39B02C}.Release|Win32.Build.0 = Release|Win32
		{38CA7032-3C0B-CF7F-6B28-0900D11FB1C2}.Debug|Win32.ActiveCfg = Debug|Win32
		{38CA7032-3C0B-CF7F-6B28-0900D11FB1C2}.Debug|Win32.Build.0 = Debug|Win32
		{38CA7032-3C0B-CF7F-6B28-0900D11FB1C2}.Release|Win32.ActiveCfg = Release|Win32
		{38CA7032-3C0B-CF7F-6B28-0900D11FB1C2}.Release|Win32.Build.0 = Release|Win32
	EndGlobalSection
	GlobalSection(SolutionProperties) = preSolution
		HideSolutionNode = FALSE
	EndGlobalSection
	GlobalSection(NestedProjects) = preSolution
		{3982E32A-12F7-207B-7C0D-48C8BB39B02C} = {D12171A9-6008-3473-984B-35B1CA3E5D94}
		{38CA7032-3C0B-CF7F-6B28-0900D11FB1C2} = {D12171A9-6008-3473-984B-35B1CA3E5D94}
		{458BCEB5-ECFC-755B-CCDA-C056EE3ECF88} = {D12171A9-6008-3473-984B-35B1CA3E5D94}
		{458BCEB5-ECFC-755B-CCDA-C056EE3ECF88} = {D12171A9-6008-3473-984B-35B1CA3E5D94}
		{458BCEB5-ECFC-755B-CCDA-C056EE3ECF88} = {D12171A9-6008-3473-984B-35B1CA3E5D94}
		{458BCEB5-ECFC-755B-CCDA-C056EE3ECF88} = {D12171A9-6008-3473-984B-35B1CA3E5D94}
		{458BCEB5-ECFC-755B-CCDA-C056EE3ECF88} = {D12171A9-6008-3473-984B-35B1CA3E5D94}
		{458BCEB5-ECFC-755B-CCDA-C056EE3ECF88} = {D12171A9-6008-3473-984B-35B1CA3E5D94}
		{458BCEB5-ECFC-755B-CCDA-C056EE3ECF88} = {D12171A9-6008-3473-984B-35B1CA3E5D94}
		{E9AAC21A-DCD7-71EA-D22B-7F0BFBF20368} = {458BCEB5-ECFC-755B-CCDA-C056EE3ECF88}
		{D8E11940-BD8D-A744-8CAD-48FC4419C083} = {458BCEB5-ECFC-755B-CCDA-C056EE3ECF88}
		{F43335CA-0A86-882E-7C8E-B9DE8AF9AC02} = {458BCEB5-ECFC-755B-CCDA-C056EE3ECF88}
		{E9FCCCAA-7E4C-E790-AD71-29722F904498} = {458BCEB5-ECFC-755B-CCDA-C056EE3ECF88}
		{E9FCCCAA-7E4C-E790-AD71-29722F904498} = {458BCEB5-ECFC-755B-CCDA-C056EE3ECF88}
		{E9FCCCAA-7E4C-E790-AD71-29722F904498} = {458BCEB5-ECFC-755B-CCDA-C056EE3ECF88}
		{E9FCCCAA-7E4C-E790-AD71-29722F904498} = {458BCEB5-ECFC-755B-CCDA-C056EE3ECF88}
		{CA4C50B9-05DC-21EA-17A1-0549A6F5944F} = {E9FCCCAA-7E4C-E790-AD71-29722F904498}
		{1BD86AF0-360B-F008-CAFD-50F83DE3D025} = {E9FCCCAA-7E4C-E790-AD71-29722F904498}
		{A018881F-8FEF-BA70-A163-172087B7F45C} = {E9FCCCAA-7E4C-E790-AD71-29722F904498}
		{F242C846-ECD2-DD37-3B13-5057DFB8FF81} = {E9FCCCAA-7E4C-E790-AD71-29722F904498}
	EndGlobalSection
EndGlobal
