<?xml version="1.0" encoding="utf-8"?>
<Project ToolsVersion="4.0" xmlns="http://schemas.microsoft.com/developer/msbuild/2003">
  <ItemGroup>
    <Filter Include="cpp">
      <UniqueIdentifier>{2C5F2CBA-9AF7-F929-86D3-DE1E753F3FAA}</UniqueIdentifier>
    </Filter>
  </ItemGroup>
  <ItemGroup>
    <ClCompile Include="Ext\libcppqt\qt\src\tools\uic\main.cpp" />
    <ClCompile Include="Ext\libcppqt\qt\src\tools\uic\uic.cpp" />
    <ClCompile Include="Ext\libcppqt\qt\src\tools\uic\customwidgetsinfo.cpp" />
    <ClCompile Include="Ext\libcppqt\qt\src\tools\uic\databaseinfo.cpp" />
    <ClCompile Include="Ext\libcppqt\qt\src\tools\uic\driver.cpp" />
    <ClCompile Include="Ext\libcppqt\qt\src\tools\uic\treewalker.cpp" />
    <ClCompile Include="Ext\libcppqt\qt\src\tools\uic\ui4.cpp" />
    <ClCompile Include="Ext\libcppqt\qt\src\tools\uic\validator.cpp" />
    <ClCompile Include="Ext\libcppqt\qt\src\tools\uic\cpp\cppextractimages.cpp">
      <Filter>cpp</Filter>
    </ClCompile>
    <ClCompile Include="Ext\libcppqt\qt\src\tools\uic\cpp\cppwritedeclaration.cpp">
      <Filter>cpp</Filter>
    </ClCompile>
    <ClCompile Include="Ext\libcppqt\qt\src\tools\uic\cpp\cppwriteicondata.cpp">
      <Filter>cpp</Filter>
    </ClCompile>
    <ClCompile Include="Ext\libcppqt\qt\src\tools\uic\cpp\cppwriteicondeclaration.cpp">
      <Filter>cpp</Filter>
    </ClCompile>
    <ClCompile Include="Ext\libcppqt\qt\src\tools\uic\cpp\cppwriteiconinitialization.cpp">
      <Filter>cpp</Filter>
    </ClCompile>
    <ClCompile Include="Ext\libcppqt\qt\src\tools\uic\cpp\cppwriteincludes.cpp">
      <Filter>cpp</Filter>
    </ClCompile>
    <ClCompile Include="Ext\libcppqt\qt\src\tools\uic\cpp\cppwriteinitialization.cpp">
      <Filter>cpp</Filter>
    </ClCompile>
  </ItemGroup>
</Project>